
Microsoft Visual Studio Solution File, Format Version 12.00
# Visual Studio Version 17
VisualStudioVersion = 17.4.33122.133
MinimumVisualStudioVersion = 10.0.40219.1
Project("{FAE04EC0-301F-11D3-BF4B-00C04F79EFBC}") = "16122023_BlogSitesi", "16122023_BlogSitesi\16122023_BlogSitesi.csproj", "{CE75892B-D305-477B-ACE5-779B420961E6}"
EndProject
Global
	GlobalSection(SolutionConfigurationPlatforms) = preSolution
		Debug|Any CPU = Debug|Any CPU
		Release|Any CPU = Release|Any CPU
	EndGlobalSection
	GlobalSection(ProjectConfigurationPlatforms) = postSolution
		{CE75892B-D305-477B-ACE5-779B420961E6}.Debug|Any CPU.ActiveCfg = Debug|Any CPU
		{CE75892B-D305-477B-ACE5-779B420961E6}.Debug|Any CPU.Build.0 = Debug|Any CPU
		{CE75892B-D305-477B-ACE5-779B420961E6}.Release|Any CPU.ActiveCfg = Release|Any CPU
		{CE75892B-D305-477B-ACE5-779B420961E6}.Release|Any CPU.Build.0 = Release|Any CPU
	EndGlobalSection
	GlobalSection(SolutionProperties) = preSolution
		HideSolutionNode = FALSE
	EndGlobalSection
	GlobalSection(ExtensibilityGlobals) = postSolution
		SolutionGuid = {B730933A-EAB3-42EE-9762-58D92F418C3D}
	EndGlobalSection
EndGlobal
